{
    "assets": {
        "url": "https://github.com/drcl-deploy/assets.git",
        "sha": "90e226008bda5edc9c07ca3eb69f9f79c4603de1",
        "path": "dependencies/assets",
        "pip_install": true,
        "lfs": true
    },
    "retargeted_motions": {
        "url": "https://huggingface.co/datasets/l-k-r/retargeted_motions",
        "sha": "e635ed670162c8b4cc91dd6247d4f3b47368ab3c",
        "path": "data/retargeted_motions",
        "pip_install": false,
        "lfs": true,
        "sparse": true
    },
    "mocke": {
        "url": "https://github.com/lok-i/mocke.git",
        "sha": "b50fb6d11e7616598dec8b444e88c55b559ec87b",
        "path": "dependencies/mocke",
        "pip_install": true,
        "pip_no_deps": true,
        "lfs": false
    },
    "rsl_rl": {
        "url": "https://github.com/lok-i/rsl_rl.git",
        "sha": "215b6f4ceda569d2ca39df64dd679b9af15375cb",
        "path": "dependencies/rsl_rl",
        "pip_install": true,
        "lfs": false
    },
    "orcs": {
        "url": "https://github.com/lok-i/orcs.git",
        "sha": "1b71dcf015bdbad224ee166cf477b79433334eca",
        "path": "dependencies/orcs",
        "pip_install": true,
        "pip_no_deps": true,
        "lfs": false
    }
}
